Microsoft Visual Studio Solution File, Format Version 12.00
# Visual Studio Version 17
VisualStudioVersion = 17.5.2.0
MinimumVisualStudioVersion = 10.0.40219.1
Project("{2150E333-8FDC-42A3-9474-1A3956D46DE8}") = "backend", "backend", "{1AE8ACA6-933B-BF2A-3671-3E2EAC007D16}"
EndProject
Project("{FAE04EC0-301F-11D3-BF4B-00C04F79EFBC}") = "api", "backend\api\api.csproj", "{A28F0853-CD93-D005-10F9-5F5C999F3E51}"
EndProject
Project("{2150E333-8FDC-42A3-9474-1A3956D46DE8}") = "api (1)", "api (1)", "{E2E1A592-C416-53F6-5CE9-E311C738D38A}"
EndProject
Project("{2150E333-8FDC-42A3-9474-1A3956D46DE8}") = "obj", "obj", "{4B044F7F-4E5C-E87D-DE03-734A16A993A5}"
EndProject
Project("{2150E333-8FDC-42A3-9474-1A3956D46DE8}") = "Debug", "Debug", "{9DF8CB2A-1F3D-5F8C-93B3-36580B7B190B}"
EndProject
Project("{2150E333-8FDC-42A3-9474-1A3956D46DE8}") = "net6.0", "net6.0", "{2ADFB775-7D6B-6B06-55BD-57A5E581F0F0}"
EndProject
Project("{FAE04EC0-301F-11D3-BF4B-00C04F79EFBC}") = "WorkerExtensions", "backend\api\obj\Debug\net6.0\WorkerExtensions\WorkerExtensions.csproj", "{B2933397-9A04-C45B-6D59-55EA00572D03}"
EndProject
Project("{2150E333-8FDC-42A3-9474-1A3956D46DE8}") = "net9.0", "net9.0", "{8F30CAEC-5A08-2A6B-556A-6E3C7280E812}"
EndProject
Project("{FAE04EC0-301F-11D3-BF4B-00C04F79EFBC}") = "WorkerExtensions", "backend\api\obj\Debug\net9.0\WorkerExtensions\WorkerExtensions.csproj", "{D32F5493-7DC6-40DF-D90A-010B0AA604D7}"
EndProject
Project("{2150E333-8FDC-42A3-9474-1A3956D46DE8}") = "Release", "Release", "{F139F585-4C6E-BDA9-E3F2-41BCCDF7A323}"
EndProject
Project("{2150E333-8FDC-42A3-9474-1A3956D46DE8}") = "net6.0", "net6.0", "{5F2C0A4D-AF63-30D5-0930-59C8EC50D535}"
EndProject
Project("{FAE04EC0-301F-11D3-BF4B-00C04F79EFBC}") = "WorkerExtensions", "backend\api\obj\Release\net6.0\WorkerExtensions\WorkerExtensions.csproj", "{13101401-B769-4AE2-AB88-8ED51EFE27DD}"
EndProject
Global
	GlobalSection(SolutionConfigurationPlatforms) = preSolution
		Debug|Any CPU = Debug|Any CPU
		Release|Any CPU = Release|Any CPU
	EndGlobalSection
	GlobalSection(ProjectConfigurationPlatforms) = postSolution
		{A28F0853-CD93-D005-10F9-5F5C999F3E51}.Debug|Any CPU.ActiveCfg = Debug|Any CPU
		{A28F0853-CD93-D005-10F9-5F5C999F3E51}.Debug|Any CPU.Build.0 = Debug|Any CPU
		{A28F0853-CD93-D005-10F9-5F5C999F3E51}.Release|Any CPU.ActiveCfg = Release|Any CPU
		{A28F0853-CD93-D005-10F9-5F5C999F3E51}.Release|Any CPU.Build.0 = Release|Any CPU
		{B2933397-9A04-C45B-6D59-55EA00572D03}.Debug|Any CPU.ActiveCfg = Debug|Any CPU
		{B2933397-9A04-C45B-6D59-55EA00572D03}.Debug|Any CPU.Build.0 = Debug|Any CPU
		{B2933397-9A04-C45B-6D59-55EA00572D03}.Release|Any CPU.ActiveCfg = Release|Any CPU
		{B2933397-9A04-C45B-6D59-55EA00572D03}.Release|Any CPU.Build.0 = Release|Any CPU
		{D32F5493-7DC6-40DF-D90A-010B0AA604D7}.Debug|Any CPU.ActiveCfg = Debug|Any CPU
		{D32F5493-7DC6-40DF-D90A-010B0AA604D7}.Debug|Any CPU.Build.0 = Debug|Any CPU
		{D32F5493-7DC6-40DF-D90A-010B0AA604D7}.Release|Any CPU.ActiveCfg = Release|Any CPU
		{D32F5493-7DC6-40DF-D90A-010B0AA604D7}.Release|Any CPU.Build.0 = Release|Any CPU
		{13101401-B769-4AE2-AB88-8ED51EFE27DD}.Debug|Any CPU.ActiveCfg = Debug|Any CPU
		{13101401-B769-4AE2-AB88-8ED51EFE27DD}.Debug|Any CPU.Build.0 = Debug|Any CPU
		{13101401-B769-4AE2-AB88-8ED51EFE27DD}.Release|Any CPU.ActiveCfg = Release|Any CPU
		{13101401-B769-4AE2-AB88-8ED51EFE27DD}.Release|Any CPU.Build.0 = Release|Any CPU
	EndGlobalSection
	GlobalSection(SolutionProperties) = preSolution
		HideSolutionNode = FALSE
	EndGlobalSection
	GlobalSection(NestedProjects) = preSolution
		{A28F0853-CD93-D005-10F9-5F5C999F3E51} = {1AE8ACA6-933B-BF2A-3671-3E2EAC007D16}
		{E2E1A592-C416-53F6-5CE9-E311C738D38A} = {1AE8ACA6-933B-BF2A-3671-3E2EAC007D16}
		{4B044F7F-4E5C-E87D-DE03-734A16A993A5} = {E2E1A592-C416-53F6-5CE9-E311C738D38A}
		{9DF8CB2A-1F3D-5F8C-93B3-36580B7B190B} = {4B044F7F-4E5C-E87D-DE03-734A16A993A5}
		{2ADFB775-7D6B-6B06-55BD-57A5E581F0F0} = {9DF8CB2A-1F3D-5F8C-93B3-36580B7B190B}
		{B2933397-9A04-C45B-6D59-55EA00572D03} = {2ADFB775-7D6B-6B06-55BD-57A5E581F0F0}
		{8F30CAEC-5A08-2A6B-556A-6E3C7280E812} = {9DF8CB2A-1F3D-5F8C-93B3-36580B7B190B}
		{D32F5493-7DC6-40DF-D90A-010B0AA604D7} = {8F30CAEC-5A08-2A6B-556A-6E3C7280E812}
		{F139F585-4C6E-BDA9-E3F2-41BCCDF7A323} = {4B044F7F-4E5C-E87D-DE03-734A16A993A5}
		{5F2C0A4D-AF63-30D5-0930-59C8EC50D535} = {F139F585-4C6E-BDA9-E3F2-41BCCDF7A323}
		{13101401-B769-4AE2-AB88-8ED51EFE27DD} = {5F2C0A4D-AF63-30D5-0930-59C8EC50D535}
	EndGlobalSection
	GlobalSection(ExtensibilityGlobals) = postSolution
		SolutionGuid = {52C1FBE9-2D03-4781-9BD5-367D50E20DD0}
	EndGlobalSection
EndGlobal
